
Microsoft Visual Studio Solution File, Format Version 12.00
# Visual Studio Version 16
VisualStudioVersion = 16.0.30907.101
MinimumVisualStudioVersion = 10.0.40219.1
Project("{FAE04EC0-301F-11D3-BF4B-00C04F79EFBC}") = "Language-Ext-Poc", "Language-Ext-Poc.csproj", "{43D4B21D-C1AF-477E-921F-EB4454325ECA}"
EndProject
Global
	GlobalSection(SolutionConfigurationPlatforms) = preSolution
		Debug|Any CPU = Debug|Any CPU
		Release|Any CPU = Release|Any CPU
	EndGlobalSection
	GlobalSection(ProjectConfigurationPlatforms) = postSolution
		{43D4B21D-C1AF-477E-921F-EB4454325ECA}.Debug|Any CPU.ActiveCfg = Debug|Any CPU
		{43D4B21D-C1AF-477E-921F-EB4454325ECA}.Debug|Any CPU.Build.0 = Debug|Any CPU
		{43D4B21D-C1AF-477E-921F-EB4454325ECA}.Release|Any CPU.ActiveCfg = Release|Any CPU
		{43D4B21D-C1AF-477E-921F-EB4454325ECA}.Release|Any CPU.Build.0 = Release|Any CPU
	EndGlobalSection
	GlobalSection(SolutionProperties) = preSolution
		HideSolutionNode = FALSE
	EndGlobalSection
	GlobalSection(ExtensibilityGlobals) = postSolution
		SolutionGuid = {24C51040-3CDA-412F-8C8A-5B9DC889D1D9}
	EndGlobalSection
EndGlobal
